// !$*UTF8*$!
{
	archiveVersion = 1;
	classes = {
	};
	objectVersion = 56;
	objects = {

/* Begin PBXBuildFile section */
		92003AD429797F52008572B5 /* ScreenOneViewController.xib in Resources */ = {isa = PBXBuildFile; fileRef = 92003AD329797F52008572B5 /* ScreenOneViewController.xib */; };
		92003AD729797F87008572B5 /* FixturesTableViewCell.xib in Resources */ = {isa = PBXBuildFile; fileRef = 92003AD529797F87008572B5 /* FixturesTableViewCell.xib */; };
		92003AD829797F87008572B5 /* FixturesTableViewCell.swift in Sources */ = {isa = PBXBuildFile; fileRef = 92003AD629797F87008572B5 /* FixturesTableViewCell.swift */; };
		92D5A4792978F4F1007EBD0D /* MatchDataService.swift in Sources */ = {isa = PBXBuildFile; fileRef = 92D5A4782978F4F1007EBD0D /* MatchDataService.swift */; };
		92D5A48429790D22007EBD0D /* ReactiveListener.swift in Sources */ = {isa = PBXBuildFile; fileRef = 92D5A48329790D22007EBD0D /* ReactiveListener.swift */; };
		92D5A48D29793F12007EBD0D /* MatchDetailViewController.swift in Sources */ = {isa = PBXBuildFile; fileRef = 92D5A48B29793F12007EBD0D /* MatchDetailViewController.swift */; };
		92D5A48E29793F12007EBD0D /* MatchDetailViewController.xib in Resources */ = {isa = PBXBuildFile; fileRef = 92D5A48C29793F12007EBD0D /* MatchDetailViewController.xib */; };
		92D5A49029793FED007EBD0D /* MatchDetailViewModel.swift in Sources */ = {isa = PBXBuildFile; fileRef = 92D5A48F29793FED007EBD0D /* MatchDetailViewModel.swift */; };
		92D5A49329794DE8007EBD0D /* MatchDetailResponse.swift in Sources */ = {isa = PBXBuildFile; fileRef = 92D5A49129794DE2007EBD0D /* MatchDetailResponse.swift */; };
		92D5A49429794DEA007EBD0D /* CommonModels.swift in Sources */ = {isa = PBXBuildFile; fileRef = 92D5A49229794DE4007EBD0D /* CommonModels.swift */; };
		92D5A49829796040007EBD0D /* MatchDetailsTableViewCell.swift in Sources */ = {isa = PBXBuildFile; fileRef = 92D5A49629796040007EBD0D /* MatchDetailsTableViewCell.swift */; };
		92D5A49929796040007EBD0D /* MatchDetailsTableViewCell.xib in Resources */ = {isa = PBXBuildFile; fileRef = 92D5A49729796040007EBD0D /* MatchDetailsTableViewCell.xib */; };
		92EA956129781553005237E7 /* AppDelegate.swift in Sources */ = {isa = PBXBuildFile; fileRef = 92EA956029781553005237E7 /* AppDelegate.swift */; };
		92EA956329781553005237E7 /* SceneDelegate.swift in Sources */ = {isa = PBXBuildFile; fileRef = 92EA956229781553005237E7 /* SceneDelegate.swift */; };
		92EA956A29781557005237E7 /* Assets.xcassets in Resources */ = {isa = PBXBuildFile; fileRef = 92EA956929781557005237E7 /* Assets.xcassets */; };
		92EA956D29781557005237E7 /* LaunchScreen.storyboard in Resources */ = {isa = PBXBuildFile; fileRef = 92EA956B29781557005237E7 /* LaunchScreen.storyboard */; };
		92EA95772978176C005237E7 /* ScreenOneViewController.swift in Sources */ = {isa = PBXBuildFile; fileRef = 92EA95752978176C005237E7 /* ScreenOneViewController.swift */; };
		92EA957D29781909005237E7 /* APIService.swift in Sources */ = {isa = PBXBuildFile; fileRef = 92EA957C29781909005237E7 /* APIService.swift */; };
		92EA957F29781916005237E7 /* APIManager.swift in Sources */ = {isa = PBXBuildFile; fileRef = 92EA957E29781916005237E7 /* APIManager.swift */; };
		92EA958129781B60005237E7 /* APIUtilities.swift in Sources */ = {isa = PBXBuildFile; fileRef = 92EA958029781B60005237E7 /* APIUtilities.swift */; };
		92EA958429782298005237E7 /* NetworkError.swift in Sources */ = {isa = PBXBuildFile; fileRef = 92EA958329782298005237E7 /* NetworkError.swift */; };
		92EA95862978241A005237E7 /* ScreenOneViewModel.swift in Sources */ = {isa = PBXBuildFile; fileRef = 92EA95852978241A005237E7 /* ScreenOneViewModel.swift */; };
/* End PBXBuildFile section */

/* Begin PBXFileReference section */
		92003AD329797F52008572B5 /* ScreenOneViewController.xib */ = {isa = PBXFileReference; fileEncoding = 4; lastKnownFileType = file.xib; path = ScreenOneViewController.xib; sourceTree = "<group>"; };
		92003AD529797F87008572B5 /* FixturesTableViewCell.xib */ = {isa = PBXFileReference; fileEncoding = 4; lastKnownFileType = file.xib; path = FixturesTableViewCell.xib; sourceTree = "<group>"; };
		92003AD629797F87008572B5 /* FixturesTableViewCell.swift */ = {isa = PBXFileReference; fileEncoding = 4; lastKnownFileType = sourcecode.swift; path = FixturesTableViewCell.swift; sourceTree = "<group>"; };
		92D5A4782978F4F1007EBD0D /* MatchDataService.swift */ = {isa = PBXFileReference; lastKnownFileType = sourcecode.swift; path = MatchDataService.swift; sourceTree = "<group>"; };
		92D5A48329790D22007EBD0D /* ReactiveListener.swift */ = {isa = PBXFileReference; lastKnownFileType = sourcecode.swift; path = ReactiveListener.swift; sourceTree = "<group>"; };
		92D5A48B29793F12007EBD0D /* MatchDetailViewController.swift */ = {isa = PBXFileReference; lastKnownFileType = sourcecode.swift; path = MatchDetailViewController.swift; sourceTree = "<group>"; };
		92D5A48C29793F12007EBD0D /* MatchDetailViewController.xib */ = {isa = PBXFileReference; lastKnownFileType = file.xib; path = MatchDetailViewController.xib; sourceTree = "<group>"; };
		92D5A48F29793FED007EBD0D /* MatchDetailViewModel.swift */ = {isa = PBXFileReference; lastKnownFileType = sourcecode.swift; path = MatchDetailViewModel.swift; sourceTree = "<group>"; };
		92D5A49129794DE2007EBD0D /* MatchDetailResponse.swift */ = {isa = PBXFileReference; lastKnownFileType = sourcecode.swift; path = MatchDetailResponse.swift; sourceTree = "<group>"; };
		92D5A49229794DE4007EBD0D /* CommonModels.swift */ = {isa = PBXFileReference; lastKnownFileType = sourcecode.swift; path = CommonModels.swift; sourceTree = "<group>"; };
		92D5A49629796040007EBD0D /* MatchDetailsTableViewCell.swift */ = {isa = PBXFileReference; lastKnownFileType = sourcecode.swift; path = MatchDetailsTableViewCell.swift; sourceTree = "<group>"; };
		92D5A49729796040007EBD0D /* MatchDetailsTableViewCell.xib */ = {isa = PBXFileReference; lastKnownFileType = file.xib; path = MatchDetailsTableViewCell.xib; sourceTree = "<group>"; };
		92EA955D29781553005237E7 /* Sportz_Interactive_Round_2.app */ = {isa = PBXFileReference; explicitFileType = wrapper.application; includeInIndex = 0; path = Sportz_Interactive_Round_2.app; sourceTree = BUILT_PRODUCTS_DIR; };
		92EA956029781553005237E7 /* AppDelegate.swift */ = {isa = PBXFileReference; lastKnownFileType = sourcecode.swift; path = AppDelegate.swift; sourceTree = "<group>"; };
		92EA956229781553005237E7 /* SceneDelegate.swift */ = {isa = PBXFileReference; lastKnownFileType = sourcecode.swift; path = SceneDelegate.swift; sourceTree = "<group>"; };
		92EA956929781557005237E7 /* Assets.xcassets */ = {isa = PBXFileReference; lastKnownFileType = folder.assetcatalog; path = Assets.xcassets; sourceTree = "<group>"; };
		92EA956C29781557005237E7 /* Base */ = {isa = PBXFileReference; lastKnownFileType = file.storyboard; name = Base; path = Base.lproj/LaunchScreen.storyboard; sourceTree = "<group>"; };
		92EA956E29781557005237E7 /* Info.plist */ = {isa = PBXFileReference; lastKnownFileType = text.plist.xml; path = Info.plist; sourceTree = "<group>"; };
		92EA95752978176C005237E7 /* ScreenOneViewController.swift */ = {isa = PBXFileReference; lastKnownFileType = sourcecode.swift; path = ScreenOneViewController.swift; sourceTree = "<group>"; };
		92EA957C29781909005237E7 /* APIService.swift */ = {isa = PBXFileReference; lastKnownFileType = sourcecode.swift; path = APIService.swift; sourceTree = "<group>"; };
		92EA957E29781916005237E7 /* APIManager.swift */ = {isa = PBXFileReference; lastKnownFileType = sourcecode.swift; path = APIManager.swift; sourceTree = "<group>"; };
		92EA958029781B60005237E7 /* APIUtilities.swift */ = {isa = PBXFileReference; lastKnownFileType = sourcecode.swift; path = APIUtilities.swift; sourceTree = "<group>"; };
		92EA958329782298005237E7 /* NetworkError.swift */ = {isa = PBXFileReference; lastKnownFileType = sourcecode.swift; path = NetworkError.swift; sourceTree = "<group>"; };
		92EA95852978241A005237E7 /* ScreenOneViewModel.swift */ = {isa = PBXFileReference; lastKnownFileType = sourcecode.swift; path = ScreenOneViewModel.swift; sourceTree = "<group>"; };
/* End PBXFileReference section */

/* Begin PBXFrameworksBuildPhase section */
		92EA955A29781553005237E7 /* Frameworks */ = {
			isa = PBXFrameworksBuildPhase;
			buildActionMask = 2147483647;
			files = (
			);
			runOnlyForDeploymentPostprocessing = 0;
		};
/* End PBXFrameworksBuildPhase section */

/* Begin PBXGroup section */
		92003AD229797E0B008572B5 /* ViewModels */ = {
			isa = PBXGroup;
			children = (
				92D5A48F29793FED007EBD0D /* MatchDetailViewModel.swift */,
				92EA95852978241A005237E7 /* ScreenOneViewModel.swift */,
			);
			path = ViewModels;
			sourceTree = "<group>";
		};
		92D5A4772978F4D3007EBD0D /* APIServices */ = {
			isa = PBXGroup;
			children = (
				92D5A4782978F4F1007EBD0D /* MatchDataService.swift */,
			);
			path = APIServices;
			sourceTree = "<group>";
		};
		92D5A48029790B04007EBD0D /* Views */ = {
			isa = PBXGroup;
			children = (
				92D5A48129790C66007EBD0D /* UITableViewCells */,
			);
			path = Views;
			sourceTree = "<group>";
		};
		92D5A48129790C66007EBD0D /* UITableViewCells */ = {
			isa = PBXGroup;
			children = (
				92D5A49529795FFD007EBD0D /* MatchDetailsTableViewCell */,
				92D5A48229790C72007EBD0D /* FixturesTableViewCell */,
			);
			path = UITableViewCells;
			sourceTree = "<group>";
		};
		92D5A48229790C72007EBD0D /* FixturesTableViewCell */ = {
			isa = PBXGroup;
			children = (
				92003AD629797F87008572B5 /* FixturesTableViewCell.swift */,
				92003AD529797F87008572B5 /* FixturesTableViewCell.xib */,
			);
			path = FixturesTableViewCell;
			sourceTree = "<group>";
		};
		92D5A48929793E60007EBD0D /* ViewControllers */ = {
			isa = PBXGroup;
			children = (
				92D5A48A29793EA9007EBD0D /* MatchDetailViewController */,
				92EA957429781742005237E7 /* ScreenOneViewController */,
			);
			path = ViewControllers;
			sourceTree = "<group>";
		};
		92D5A48A29793EA9007EBD0D /* MatchDetailViewController */ = {
			isa = PBXGroup;
			children = (
				92D5A48B29793F12007EBD0D /* MatchDetailViewController.swift */,
				92D5A48C29793F12007EBD0D /* MatchDetailViewController.xib */,
			);
			path = MatchDetailViewController;
			sourceTree = "<group>";
		};
		92D5A49529795FFD007EBD0D /* MatchDetailsTableViewCell */ = {
			isa = PBXGroup;
			children = (
				92D5A49629796040007EBD0D /* MatchDetailsTableViewCell.swift */,
				92D5A49729796040007EBD0D /* MatchDetailsTableViewCell.xib */,
			);
			path = MatchDetailsTableViewCell;
			sourceTree = "<group>";
		};
		92EA955429781553005237E7 = {
			isa = PBXGroup;
			children = (
				92EA955F29781553005237E7 /* Sportz_Interactive_Round_2 */,
				92EA955E29781553005237E7 /* Products */,
			);
			sourceTree = "<group>";
		};
		92EA955E29781553005237E7 /* Products */ = {
			isa = PBXGroup;
			children = (
				92EA955D29781553005237E7 /* Sportz_Interactive_Round_2.app */,
			);
			name = Products;
			sourceTree = "<group>";
		};
		92EA955F29781553005237E7 /* Sportz_Interactive_Round_2 */ = {
			isa = PBXGroup;
			children = (
				92003AD229797E0B008572B5 /* ViewModels */,
				92D5A48929793E60007EBD0D /* ViewControllers */,
				92D5A48029790B04007EBD0D /* Views */,
				92EA957B297818F1005237E7 /* Extensions */,
				92EA957A297818DC005237E7 /* Models */,
				92EA9579297818D4005237E7 /* Utility */,
				92EA956029781553005237E7 /* AppDelegate.swift */,
				92EA956229781553005237E7 /* SceneDelegate.swift */,
				92EA956929781557005237E7 /* Assets.xcassets */,
				92EA956B29781557005237E7 /* LaunchScreen.storyboard */,
				92EA956E29781557005237E7 /* Info.plist */,
			);
			path = Sportz_Interactive_Round_2;
			sourceTree = "<group>";
		};
		92EA957429781742005237E7 /* ScreenOneViewController */ = {
			isa = PBXGroup;
			children = (
				92EA95752978176C005237E7 /* ScreenOneViewController.swift */,
				92003AD329797F52008572B5 /* ScreenOneViewController.xib */,
			);
			path = ScreenOneViewController;
			sourceTree = "<group>";
		};
		92EA9579297818D4005237E7 /* Utility */ = {
			isa = PBXGroup;
			children = (
				92D5A4772978F4D3007EBD0D /* APIServices */,
				92EA958229782227005237E7 /* API */,
				92EA958329782298005237E7 /* NetworkError.swift */,
				92D5A48329790D22007EBD0D /* ReactiveListener.swift */,
			);
			path = Utility;
			sourceTree = "<group>";
		};
		92EA957A297818DC005237E7 /* Models */ = {
			isa = PBXGroup;
			children = (
				92D5A49229794DE4007EBD0D /* CommonModels.swift */,
				92D5A49129794DE2007EBD0D /* MatchDetailResponse.swift */,
			);
			path = Models;
			sourceTree = "<group>";
		};
		92EA957B297818F1005237E7 /* Extensions */ = {
			isa = PBXGroup;
			children = (
			);
			path = Extensions;
			sourceTree = "<group>";
		};
		92EA958229782227005237E7 /* API */ = {
			isa = PBXGroup;
			children = (
				92EA958029781B60005237E7 /* APIUtilities.swift */,
				92EA957E29781916005237E7 /* APIManager.swift */,
				92EA957C29781909005237E7 /* APIService.swift */,
			);
			path = API;
			sourceTree = "<group>";
		};
/* End PBXGroup section */

/* Begin PBXNativeTarget section */
		92EA955C29781553005237E7 /* Sportz_Interactive_Round_2 */ = {
			isa = PBXNativeTarget;
			buildConfigurationList = 92EA957129781557005237E7 /* Build configuration list for PBXNativeTarget "Sportz_Interactive_Round_2" */;
			buildPhases = (
				92EA955929781553005237E7 /* Sources */,
				92EA955A29781553005237E7 /* Frameworks */,
				92EA955B29781553005237E7 /* Resources */,
			);
			buildRules = (
			);
			dependencies = (
			);
			name = Sportz_Interactive_Round_2;
			productName = Sportz_Interactive_Round_2;
			productReference = 92EA955D29781553005237E7 /* Sportz_Interactive_Round_2.app */;
			productType = "com.apple.product-type.application";
		};
/* End PBXNativeTarget section */

/* Begin PBXProject section */
		92EA955529781553005237E7 /* Project object */ = {
			isa = PBXProject;
			attributes = {
				BuildIndependentTargetsInParallel = 1;
				LastSwiftUpdateCheck = 1410;
				LastUpgradeCheck = 1410;
				TargetAttributes = {
					92EA955C29781553005237E7 = {
						CreatedOnToolsVersion = 14.1;
					};
				};
			};
			buildConfigurationList = 92EA955829781553005237E7 /* Build configuration list for PBXProject "Sportz_Interactive_Round_2" */;
			compatibilityVersion = "Xcode 14.0";
			developmentRegion = en;
			hasScannedForEncodings = 0;
			knownRegions = (
				en,
				Base,
			);
			mainGroup = 92EA955429781553005237E7;
			productRefGroup = 92EA955E29781553005237E7 /* Products */;
			projectDirPath = "";
			projectRoot = "";
			targets = (
				92EA955C29781553005237E7 /* Sportz_Interactive_Round_2 */,
			);
		};
/* End PBXProject section */

/* Begin PBXResourcesBuildPhase section */
		92EA955B29781553005237E7 /* Resources */ = {
			isa = PBXResourcesBuildPhase;
			buildActionMask = 2147483647;
			files = (
				92EA956D29781557005237E7 /* LaunchScreen.storyboard in Resources */,
				92EA956A29781557005237E7 /* Assets.xcassets in Resources */,
				92D5A49929796040007EBD0D /* MatchDetailsTableViewCell.xib in Resources */,
				92003AD729797F87008572B5 /* FixturesTableViewCell.xib in Resources */,
				92D5A48E29793F12007EBD0D /* MatchDetailViewController.xib in Resources */,
				92003AD429797F52008572B5 /* ScreenOneViewController.xib in Resources */,
			);
			runOnlyForDeploymentPostprocessing = 0;
		};
/* End PBXResourcesBuildPhase section */

/* Begin PBXSourcesBuildPhase section */
		92EA955929781553005237E7 /* Sources */ = {
			isa = PBXSourcesBuildPhase;
			buildActionMask = 2147483647;
			files = (
				92D5A49829796040007EBD0D /* MatchDetailsTableViewCell.swift in Sources */,
				92EA957F29781916005237E7 /* APIManager.swift in Sources */,
				92EA95862978241A005237E7 /* ScreenOneViewModel.swift in Sources */,
				92003AD829797F87008572B5 /* FixturesTableViewCell.swift in Sources */,
				92EA958429782298005237E7 /* NetworkError.swift in Sources */,
				92D5A49329794DE8007EBD0D /* MatchDetailResponse.swift in Sources */,
				92D5A49029793FED007EBD0D /* MatchDetailViewModel.swift in Sources */,
				92EA958129781B60005237E7 /* APIUtilities.swift in Sources */,
				92D5A4792978F4F1007EBD0D /* MatchDataService.swift in Sources */,
				92EA956129781553005237E7 /* AppDelegate.swift in Sources */,
				92D5A49429794DEA007EBD0D /* CommonModels.swift in Sources */,
				92D5A48429790D22007EBD0D /* ReactiveListener.swift in Sources */,
				92EA95772978176C005237E7 /* ScreenOneViewController.swift in Sources */,
				92EA956329781553005237E7 /* SceneDelegate.swift in Sources */,
				92EA957D29781909005237E7 /* APIService.swift in Sources */,
				92D5A48D29793F12007EBD0D /* MatchDetailViewController.swift in Sources */,
			);
			runOnlyForDeploymentPostprocessing = 0;
		};
/* End PBXSourcesBuildPhase section */

/* Begin PBXVariantGroup section */
		92EA956B29781557005237E7 /* LaunchScreen.storyboard */ = {
			isa = PBXVariantGroup;
			children = (
				92EA956C29781557005237E7 /* Base */,
			);
			name = LaunchScreen.storyboard;
			sourceTree = "<group>";
		};
/* End PBXVariantGroup section */

/* Begin XCBuildConfiguration section */
		92EA956F29781557005237E7 /* Debug */ = {
			isa = XCBuildConfiguration;
			buildSettings = {
				ALWAYS_SEARCH_USER_PATHS = NO;
				CLANG_ANALYZER_NONNULL = YES;
				CLANG_ANALYZER_NUMBER_OBJECT_CONVERSION = YES_AGGRESSIVE;
				CLANG_CXX_LANGUAGE_STANDARD = "gnu++20";
				CLANG_ENABLE_MODULES = YES;
				CLANG_ENABLE_OBJC_ARC = YES;
				CLANG_ENABLE_OBJC_WEAK = YES;
				CLANG_WARN_BLOCK_CAPTURE_AUTORELEASING = YES;
				CLANG_WARN_BOOL_CONVERSION = YES;
				CLANG_WARN_COMMA = YES;
				CLANG_WARN_CONSTANT_CONVERSION = YES;
				CLANG_WARN_DEPRECATED_OBJC_IMPLEMENTATIONS = YES;
				CLANG_WARN_DIRECT_OBJC_ISA_USAGE = YES_ERROR;
				CLANG_WARN_DOCUMENTATION_COMMENTS = YES;
				CLANG_WARN_EMPTY_BODY = YES;
				CLANG_WARN_ENUM_CONVERSION = YES;
				CLANG_WARN_INFINITE_RECURSION = YES;
				CLANG_WARN_INT_CONVERSION = YES;
				CLANG_WARN_NON_LITERAL_NULL_CONVERSION = YES;
				CLANG_WARN_OBJC_IMPLICIT_RETAIN_SELF = YES;
				CLANG_WARN_OBJC_LITERAL_CONVERSION = YES;
				CLANG_WARN_OBJC_ROOT_CLASS = YES_ERROR;
				CLANG_WARN_QUOTED_INCLUDE_IN_FRAMEWORK_HEADER = YES;
				CLANG_WARN_RANGE_LOOP_ANALYSIS = YES;
				CLANG_WARN_STRICT_PROTOTYPES = YES;
				CLANG_WARN_SUSPICIOUS_MOVE = YES;
				CLANG_WARN_UNGUARDED_AVAILABILITY = YES_AGGRESSIVE;
				CLANG_WARN_UNREACHABLE_CODE = YES;
				CLANG_WARN__DUPLICATE_METHOD_MATCH = YES;
				COPY_PHASE_STRIP = NO;
				DEBUG_INFORMATION_FORMAT = dwarf;
				ENABLE_STRICT_OBJC_MSGSEND = YES;
				ENABLE_TESTABILITY = YES;
				GCC_C_LANGUAGE_STANDARD = gnu11;
				GCC_DYNAMIC_NO_PIC = NO;
				GCC_NO_COMMON_BLOCKS = YES;
				GCC_OPTIMIZATION_LEVEL = 0;
				GCC_PREPROCESSOR_DEFINITIONS = (
					"DEBUG=1",
					"$(inherited)",
				);
				GCC_WARN_64_TO_32_BIT_CONVERSION = YES;
				GCC_WARN_ABOUT_RETURN_TYPE = YES_ERROR;
				GCC_WARN_UNDECLARED_SELECTOR = YES;
				GCC_WARN_UNINITIALIZED_AUTOS = YES_AGGRESSIVE;
				GCC_WARN_UNUSED_FUNCTION = YES;
				GCC_WARN_UNUSED_VARIABLE = YES;
				IPHONEOS_DEPLOYMENT_TARGET = 16.1;
				MTL_ENABLE_DEBUG_INFO = INCLUDE_SOURCE;
				MTL_FAST_MATH = YES;
				ONLY_ACTIVE_ARCH = YES;
				SDKROOT = iphoneos;
				SWIFT_ACTIVE_COMPILATION_CONDITIONS = DEBUG;
				SWIFT_OPTIMIZATION_LEVEL = "-Onone";
			};
			name = Debug;
		};
		92EA957029781557005237E7 /* Release */ = {
			isa = XCBuildConfiguration;
			buildSettings = {
				ALWAYS_SEARCH_USER_PATHS = NO;
				CLANG_ANALYZER_NONNULL = YES;
				CLANG_ANALYZER_NUMBER_OBJECT_CONVERSION = YES_AGGRESSIVE;
				CLANG_CXX_LANGUAGE_STANDARD = "gnu++20";
				CLANG_ENABLE_MODULES = YES;
				CLANG_ENABLE_OBJC_ARC = YES;
				CLANG_ENABLE_OBJC_WEAK = YES;
				CLANG_WARN_BLOCK_CAPTURE_AUTORELEASING = YES;
				CLANG_WARN_BOOL_CONVERSION = YES;
				CLANG_WARN_COMMA = YES;
				CLANG_WARN_CONSTANT_CONVERSION = YES;
				CLANG_WARN_DEPRECATED_OBJC_IMPLEMENTATIONS = YES;
				CLANG_WARN_DIRECT_OBJC_ISA_USAGE = YES_ERROR;
				CLANG_WARN_DOCUMENTATION_COMMENTS = YES;
				CLANG_WARN_EMPTY_BODY = YES;
				CLANG_WARN_ENUM_CONVERSION = YES;
				CLANG_WARN_INFINITE_RECURSION = YES;
				CLANG_WARN_INT_CONVERSION = YES;
				CLANG_WARN_NON_LITERAL_NULL_CONVERSION = YES;
				CLANG_WARN_OBJC_IMPLICIT_RETAIN_SELF = YES;
				CLANG_WARN_OBJC_LITERAL_CONVERSION = YES;
				CLANG_WARN_OBJC_ROOT_CLASS = YES_ERROR;
				CLANG_WARN_QUOTED_INCLUDE_IN_FRAMEWORK_HEADER = YES;
				CLANG_WARN_RANGE_LOOP_ANALYSIS = YES;
				CLANG_WARN_STRICT_PROTOTYPES = YES;
				CLANG_WARN_SUSPICIOUS_MOVE = YES;
				CLANG_WARN_UNGUARDED_AVAILABILITY = YES_AGGRESSIVE;
				CLANG_WARN_UNREACHABLE_CODE = YES;
				CLANG_WARN__DUPLICATE_METHOD_MATCH = YES;
				COPY_PHASE_STRIP = NO;
				DEBUG_INFORMATION_FORMAT = "dwarf-with-dsym";
				ENABLE_NS_ASSERTIONS = NO;
				ENABLE_STRICT_OBJC_MSGSEND = YES;
				GCC_C_LANGUAGE_STANDARD = gnu11;
				GCC_NO_COMMON_BLOCKS = YES;
				GCC_WARN_64_TO_32_BIT_CONVERSION = YES;
				GCC_WARN_ABOUT_RETURN_TYPE = YES_ERROR;
				GCC_WARN_UNDECLARED_SELECTOR = YES;
				GCC_WARN_UNINITIALIZED_AUTOS = YES_AGGRESSIVE;
				GCC_WARN_UNUSED_FUNCTION = YES;
				GCC_WARN_UNUSED_VARIABLE = YES;
				IPHONEOS_DEPLOYMENT_TARGET = 16.1;
				MTL_ENABLE_DEBUG_INFO = NO;
				MTL_FAST_MATH = YES;
				SDKROOT = iphoneos;
				SWIFT_COMPILATION_MODE = wholemodule;
				SWIFT_OPTIMIZATION_LEVEL = "-O";
				VALIDATE_PRODUCT = YES;
			};
			name = Release;
		};
		92EA957229781557005237E7 /* Debug */ = {
			isa = XCBuildConfiguration;
			buildSettings = {
				ASSETCATALOG_COMPILER_APPICON_NAME = AppIcon;
				ASSETCATALOG_COMPILER_GLOBAL_ACCENT_COLOR_NAME = AccentColor;
				CODE_SIGN_STYLE = Automatic;
				CURRENT_PROJECT_VERSION = 1;
				DEVELOPMENT_TEAM = 994465KF8C;
				GENERATE_INFOPLIST_FILE = YES;
				INFOPLIST_FILE = Sportz_Interactive_Round_2/Info.plist;
				INFOPLIST_KEY_UIApplicationSupportsIndirectInputEvents = YES;
				INFOPLIST_KEY_UILaunchStoryboardName = LaunchScreen;
				INFOPLIST_KEY_UIRequiresFullScreen = NO;
				INFOPLIST_KEY_UIStatusBarStyle = "";
				INFOPLIST_KEY_UISupportedInterfaceOrientations_iPad = "UIInterfaceOrientationPortrait UIInterfaceOrientationPortraitUpsideDown UIInterfaceOrientationLandscapeLeft UIInterfaceOrientationLandscapeRight";
				INFOPLIST_KEY_UISupportedInterfaceOrientations_iPhone = "UIInterfaceOrientationPortrait UIInterfaceOrientationLandscapeLeft UIInterfaceOrientationLandscapeRight";
				LD_RUNPATH_SEARCH_PATHS = (
					"$(inherited)",
					"@executable_path/Frameworks",
				);
				MARKETING_VERSION = 1.0;
				PRODUCT_BUNDLE_IDENTIFIER = "com.Neosoft-Technologies.Sportz-Interactive-Round-2";
				PRODUCT_NAME = "$(TARGET_NAME)";
				SWIFT_EMIT_LOC_STRINGS = YES;
				SWIFT_VERSION = 5.0;
				TARGETED_DEVICE_FAMILY = "1,2";
			};
			name = Debug;
		};
		92EA957329781557005237E7 /* Release */ = {
			isa = XCBuildConfiguration;
			buildSettings = {
				ASSETCATALOG_COMPILER_APPICON_NAME = AppIcon;
				ASSETCATALOG_COMPILER_GLOBAL_ACCENT_COLOR_NAME = AccentColor;
				CODE_SIGN_STYLE = Automatic;
				CURRENT_PROJECT_VERSION = 1;
				DEVELOPMENT_TEAM = 994465KF8C;
				GENERATE_INFOPLIST_FILE = YES;
				INFOPLIST_FILE = Sportz_Interactive_Round_2/Info.plist;
				INFOPLIST_KEY_UIApplicationSupportsIndirectInputEvents = YES;
				INFOPLIST_KEY_UILaunchStoryboardName = LaunchScreen;
				INFOPLIST_KEY_UIRequiresFullScreen = NO;
				INFOPLIST_KEY_UIStatusBarStyle = "";
				INFOPLIST_KEY_UISupportedInterfaceOrientations_iPad = "UIInterfaceOrientationPortrait UIInterfaceOrientationPortraitUpsideDown UIInterfaceOrientationLandscapeLeft UIInterfaceOrientationLandscapeRight";
				INFOPLIST_KEY_UISupportedInterfaceOrientations_iPhone = "UIInterfaceOrientationPortrait UIInterfaceOrientationLandscapeLeft UIInterfaceOrientationLandscapeRight";
				LD_RUNPATH_SEARCH_PATHS = (
					"$(inherited)",
					"@executable_path/Frameworks",
				);
				MARKETING_VERSION = 1.0;
				PRODUCT_BUNDLE_IDENTIFIER = "com.Neosoft-Technologies.Sportz-Interactive-Round-2";
				PRODUCT_NAME = "$(TARGET_NAME)";
				SWIFT_EMIT_LOC_STRINGS = YES;
				SWIFT_VERSION = 5.0;
				TARGETED_DEVICE_FAMILY = "1,2";
			};
			name = Release;
		};
/* End XCBuildConfiguration section */

/* Begin XCConfigurationList section */
		92EA955829781553005237E7 /* Build configuration list for PBXProject "Sportz_Interactive_Round_2" */ = {
			isa = XCConfigurationList;
			buildConfigurations = (
				92EA956F29781557005237E7 /* Debug */,
				92EA957029781557005237E7 /* Release */,
			);
			defaultConfigurationIsVisible = 0;
			defaultConfigurationName = Release;
		};
		92EA957129781557005237E7 /* Build configuration list for PBXNativeTarget "Sportz_Interactive_Round_2" */ = {
			isa = XCConfigurationList;
			buildConfigurations = (
				92EA957229781557005237E7 /* Debug */,
				92EA957329781557005237E7 /* Release */,
			);
			defaultConfigurationIsVisible = 0;
			defaultConfigurationName = Release;
		};
/* End XCConfigurationList section */
	};
	rootObject = 92EA955529781553005237E7 /* Project object */;
}
